// !$*UTF8*$!
{
	archiveVersion = 1;
	classes = {
	};
	objectVersion = 46;
	objects = {

/* Begin PBXBuildFile section */
		2E1F5FA41EE018DF00293C47 /* AppDelegate.swift in Sources */ = {isa = PBXBuildFile; fileRef = 2E1F5FA31EE018DF00293C47 /* AppDelegate.swift */; };
		2E1F5FA61EE018DF00293C47 /* ViewController.swift in Sources */ = {isa = PBXBuildFile; fileRef = 2E1F5FA51EE018DF00293C47 /* ViewController.swift */; };
		2E1F5FA91EE018DF00293C47 /* Main.storyboard in Resources */ = {isa = PBXBuildFile; fileRef = 2E1F5FA71EE018DF00293C47 /* Main.storyboard */; };
		2E1F5FAB1EE018DF00293C47 /* Assets.xcassets in Resources */ = {isa = PBXBuildFile; fileRef = 2E1F5FAA1EE018DF00293C47 /* Assets.xcassets */; };
		2E1F5FAE1EE018DF00293C47 /* LaunchScreen.storyboard in Resources */ = {isa = PBXBuildFile; fileRef = 2E1F5FAC1EE018DF00293C47 /* LaunchScreen.storyboard */; };
/* End PBXBuildFile section */

/* Begin PBXFileReference section */
		2E1F5FA01EE018DF00293C47 /* KaKaaKi.app */ = {isa = PBXFileReference; explicitFileType = wrapper.application; includeInIndex = 0; path = KaKaaKi.app; sourceTree = BUILT_PRODUCTS_DIR; };
		2E1F5FA31EE018DF00293C47 /* AppDelegate.swift */ = {isa = PBXFileReference; lastKnownFileType = sourcecode.swift; path = AppDelegate.swift; sourceTree = "<group>"; };
		2E1F5FA51EE018DF00293C47 /* ViewController.swift */ = {isa = PBXFileReference; lastKnownFileType = sourcecode.swift; path = ViewController.swift; sourceTree = "<group>"; };
		2E1F5FA81EE018DF00293C47 /* Base */ = {isa = PBXFileReference; lastKnownFileType = file.storyboard; name = Base; path = Base.lproj/Main.storyboard; sourceTree = "<group>"; };
		2E1F5FAA1EE018DF00293C47 /* Assets.xcassets */ = {isa = PBXFileReference; lastKnownFileType = folder.assetcatalog; path = Assets.xcassets; sourceTree = "<group>"; };
		2E1F5FAD1EE018DF00293C47 /* Base */ = {isa = PBXFileReference; lastKnownFileType = file.storyboard; name = Base; path = Base.lproj/LaunchScreen.storyboard; sourceTree = "<group>"; };
		2E1F5FAF1EE018DF00293C47 /* Info.plist */ = {isa = PBXFileReference; lastKnownFileType = text.plist.xml; path = Info.plist; sourceTree = "<group>"; };
/* End PBXFileReference section */

/* Begin PBXFrameworksBuildPhase section */
		2E1F5F9D1EE018DF00293C47 /* Frameworks */ = {
			isa = PBXFrameworksBuildPhase;
			buildActionMask = 2147483647;
			files = (
			);
			runOnlyForDeploymentPostprocessing = 0;
		};
/* End PBXFrameworksBuildPhase section */

/* Begin PBXGroup section */
		2E1F5F971EE018DE00293C47 = {
			isa = PBXGroup;
			children = (
				2E1F5FA21EE018DF00293C47 /* KaKaaKi */,
				2E1F5FA11EE018DF00293C47 /* Products */,
			);
			sourceTree = "<group>";
		};
		2E1F5FA11EE018DF00293C47 /* Products */ = {
			isa = PBXGroup;
			children = (
				2E1F5FA01EE018DF00293C47 /* KaKaaKi.app */,
			);
			name = Products;
			sourceTree = "<group>";
		};
		2E1F5FA21EE018DF00293C47 /* KaKaaKi */ = {
			isa = PBXGroup;
			children = (
				2E1F5FA31EE018DF00293C47 /* AppDelegate.swift */,
				2E1F5FA51EE018DF00293C47 /* ViewController.swift */,
				2E1F5FA71EE018DF00293C47 /* Main.storyboard */,
				2E1F5FAA1EE018DF00293C47 /* Assets.xcassets */,
				2E1F5FAC1EE018DF00293C47 /* LaunchScreen.storyboard */,
				2E1F5FAF1EE018DF00293C47 /* Info.plist */,
			);
			path = KaKaaKi;
			sourceTree = "<group>";
		};
/* End PBXGroup section */

/* Begin PBXNativeTarget section */
		2E1F5F9F1EE018DF00293C47 /* KaKaaKi */ = {
			isa = PBXNativeTarget;
			buildConfigurationList = 2E1F5FB21EE018DF00293C47 /* Build configuration list for PBXNativeTarget "KaKaaKi" */;
			buildPhases = (
				2E1F5F9C1EE018DF00293C47 /* Sources */,
				2E1F5F9D1EE018DF00293C47 /* Frameworks */,
				2E1F5F9E1EE018DF00293C47 /* Resources */,
			);
			buildRules = (
			);
			dependencies = (
			);
			name = KaKaaKi;
			productName = KaKaaKi;
			productReference = 2E1F5FA01EE018DF00293C47 /* KaKaaKi.app */;
			productType = "com.apple.product-type.application";
		};
/* End PBXNativeTarget section */

/* Begin PBXProject section */
		2E1F5F981EE018DF00293C47 /* Project object */ = {
			isa = PBXProject;
			attributes = {
				LastSwiftUpdateCheck = 0830;
				LastUpgradeCheck = 0830;
				ORGANIZATIONNAME = impactit;
				TargetAttributes = {
					2E1F5F9F1EE018DF00293C47 = {
						CreatedOnToolsVersion = 8.3.2;
						ProvisioningStyle = Automatic;
					};
				};
			};
			buildConfigurationList = 2E1F5F9B1EE018DF00293C47 /* Build configuration list for PBXProject "KaKaaKi" */;
			compatibilityVersion = "Xcode 3.2";
			developmentRegion = English;
			hasScannedForEncodings = 0;
			knownRegions = (
				en,
				Base,
			);
			mainGroup = 2E1F5F971EE018DE00293C47;
			productRefGroup = 2E1F5FA11EE018DF00293C47 /* Products */;
			projectDirPath = "";
			projectRoot = "";
			targets = (
				2E1F5F9F1EE018DF00293C47 /* KaKaaKi */,
			);
		};
/* End PBXProject section */

/* Begin PBXResourcesBuildPhase section */
		2E1F5F9E1EE018DF00293C47 /* Resources */ = {
			isa = PBXResourcesBuildPhase;
			buildActionMask = 2147483647;
			files = (
				2E1F5FAE1EE018DF00293C47 /* LaunchScreen.storyboard in Resources */,
				2E1F5FAB1EE018DF00293C47 /* Assets.xcassets in Resources */,
				2E1F5FA91EE018DF00293C47 /* Main.storyboard in Resources */,
			);
			runOnlyForDeploymentPostprocessing = 0;
		};
/* End PBXResourcesBuildPhase section */

/* Begin PBXSourcesBuildPhase section */
		2E1F5F9C1EE018DF00293C47 /* Sources */ = {
			isa = PBXSourcesBuildPhase;
			buildActionMask = 2147483647;
			files = (
				2E1F5FA61EE018DF00293C47 /* ViewController.swift in Sources */,
				2E1F5FA41EE018DF00293C47 /* AppDelegate.swift in Sources */,
			);
			runOnlyForDeploymentPostprocessing = 0;
		};
/* End PBXSourcesBuildPhase section */

/* Begin PBXVariantGroup section */
		2E1F5FA71EE018DF00293C47 /* Main.storyboard */ = {
			isa = PBXVariantGroup;
			children = (
				2E1F5FA81EE018DF00293C47 /* Base */,
			);
			name = Main.storyboard;
			sourceTree = "<group>";
		};
		2E1F5FAC1EE018DF00293C47 /* LaunchScreen.storyboard */ = {
			isa = PBXVariantGroup;
			children = (
				2E1F5FAD1EE018DF00293C47 /* Base */,
			);
			name = LaunchScreen.storyboard;
			sourceTree = "<group>";
		};
/* End PBXVariantGroup section */

/* Begin XCBuildConfiguration section */
		2E1F5FB01EE018DF00293C47 /* Debug */ = {
			isa = XCBuildConfiguration;
			buildSettings = {
				ALWAYS_SEARCH_USER_PATHS = NO;
				CLANG_ANALYZER_NONNULL = YES;
				CLANG_ANALYZER_NUMBER_OBJECT_CONVERSION = YES_AGGRESSIVE;
				CLANG_CXX_LANGUAGE_STANDARD = "gnu++0x";
				CLANG_CXX_LIBRARY = "libc++";
				CLANG_ENABLE_MODULES = YES;
				CLANG_ENABLE_OBJC_ARC = YES;
				CLANG_WARN_BOOL_CONVERSION = YES;
				CLANG_WARN_CONSTANT_CONVERSION = YES;
				CLANG_WARN_DIRECT_OBJC_ISA_USAGE = YES_ERROR;
				CLANG_WARN_DOCUMENTATION_COMMENTS = YES;
				CLANG_WARN_EMPTY_BODY = YES;
				CLANG_WARN_ENUM_CONVERSION = YES;
				CLANG_WARN_INFINITE_RECURSION = YES;
				CLANG_WARN_INT_CONVERSION = YES;
				CLANG_WARN_OBJC_ROOT_CLASS = YES_ERROR;
				CLANG_WARN_SUSPICIOUS_MOVE = YES;
				CLANG_WARN_UNREACHABLE_CODE = YES;
				CLANG_WARN__DUPLICATE_METHOD_MATCH = YES;
				"CODE_SIGN_IDENTITY[sdk=iphoneos*]" = "iPhone Developer";
				COPY_PHASE_STRIP = NO;
				DEBUG_INFORMATION_FORMAT = dwarf;
				ENABLE_STRICT_OBJC_MSGSEND = YES;
				ENABLE_TESTABILITY = YES;
				GCC_C_LANGUAGE_STANDARD = gnu99;
				GCC_DYNAMIC_NO_PIC = NO;
				GCC_NO_COMMON_BLOCKS = YES;
				GCC_OPTIMIZATION_LEVEL = 0;
				GCC_PREPROCESSOR_DEFINITIONS = (
					"DEBUG=1",
					"$(inherited)",
				);
				GCC_WARN_64_TO_32_BIT_CONVERSION = YES;
				GCC_WARN_ABOUT_RETURN_TYPE = YES_ERROR;
				GCC_WARN_UNDECLARED_SELECTOR = YES;
				GCC_WARN_UNINITIALIZED_AUTOS = YES_AGGRESSIVE;
				GCC_WARN_UNUSED_FUNCTION = YES;
				GCC_WARN_UNUSED_VARIABLE = YES;
				IPHONEOS_DEPLOYMENT_TARGET = 10.3;
				MTL_ENABLE_DEBUG_INFO = YES;
				ONLY_ACTIVE_ARCH = YES;
				SDKROOT = iphoneos;
				SWIFT_ACTIVE_COMPILATION_CONDITIONS = DEBUG;
				SWIFT_OPTIMIZATION_LEVEL = "-Onone";
				TARGETED_DEVICE_FAMILY = "1,2";
			};
			name = Debug;
		};
		2E1F5FB11EE018DF00293C47 /* Release */ = {
			isa = XCBuildConfiguration;
			buildSettings = {
				ALWAYS_SEARCH_USER_PATHS = NO;
				CLANG_ANALYZER_NONNULL = YES;
				CLANG_ANALYZER_NUMBER_OBJECT_CONVERSION = YES_AGGRESSIVE;
				CLANG_CXX_LANGUAGE_STANDARD = "gnu++0x";
				CLANG_CXX_LIBRARY = "libc++";
				CLANG_ENABLE_MODULES = YES;
				CLANG_ENABLE_OBJC_ARC = YES;
				CLANG_WARN_BOOL_CONVERSION = YES;
				CLANG_WARN_CONSTANT_CONVERSION = YES;
				CLANG_WARN_DIRECT_OBJC_ISA_USAGE = YES_ERROR;
				CLANG_WARN_DOCUMENTATION_COMMENTS = YES;
				CLANG_WARN_EMPTY_BODY = YES;
				CLANG_WARN_ENUM_CONVERSION = YES;
				CLANG_WARN_INFINITE_RECURSION = YES;
				CLANG_WARN_INT_CONVERSION = YES;
				CLANG_WARN_OBJC_ROOT_CLASS = YES_ERROR;
				CLANG_WARN_SUSPICIOUS_MOVE = YES;
				CLANG_WARN_UNREACHABLE_CODE = YES;
				CLANG_WARN__DUPLICATE_METHOD_MATCH = YES;
				"CODE_SIGN_IDENTITY[sdk=iphoneos*]" = "iPhone Developer";
				COPY_PHASE_STRIP = NO;
				DEBUG_INFORMATION_FORMAT = "dwarf-with-dsym";
				ENABLE_NS_ASSERTIONS = NO;
				ENABLE_STRICT_OBJC_MSGSEND = YES;
				GCC_C_LANGUAGE_STANDARD = gnu99;
				GCC_NO_COMMON_BLOCKS = YES;
				GCC_WARN_64_TO_32_BIT_CONVERSION = YES;
				GCC_WARN_ABOUT_RETURN_TYPE = YES_ERROR;
				GCC_WARN_UNDECLARED_SELECTOR = YES;
				GCC_WARN_UNINITIALIZED_AUTOS = YES_AGGRESSIVE;
				GCC_WARN_UNUSED_FUNCTION = YES;
				GCC_WARN_UNUSED_VARIABLE = YES;
				IPHONEOS_DEPLOYMENT_TARGET = 10.3;
				MTL_ENABLE_DEBUG_INFO = NO;
				SDKROOT = iphoneos;
				SWIFT_OPTIMIZATION_LEVEL = "-Owholemodule";
				TARGETED_DEVICE_FAMILY = "1,2";
				VALIDATE_PRODUCT = YES;
			};
			name = Release;
		};
		2E1F5FB31EE018DF00293C47 /* Debug */ = {
			isa = XCBuildConfiguration;
			buildSettings = {
				ASSETCATALOG_COMPILER_APPICON_NAME = AppIcon;
				INFOPLIST_FILE = KaKaaKi/Info.plist;
				LD_RUNPATH_SEARCH_PATHS = "$(inherited) @executable_path/Frameworks";
				PRODUCT_BUNDLE_IDENTIFIER = org.Impactit.KaKaaKi;
				PRODUCT_NAME = "$(TARGET_NAME)";
				SWIFT_VERSION = 3.0;
			};
			name = Debug;
		};
		2E1F5FB41EE018DF00293C47 /* Release */ = {
			isa = XCBuildConfiguration;
			buildSettings = {
				ASSETCATALOG_COMPILER_APPICON_NAME = AppIcon;
				INFOPLIST_FILE = KaKaaKi/Info.plist;
				LD_RUNPATH_SEARCH_PATHS = "$(inherited) @executable_path/Frameworks";
				PRODUCT_BUNDLE_IDENTIFIER = org.Impactit.KaKaaKi;
				PRODUCT_NAME = "$(TARGET_NAME)";
				SWIFT_VERSION = 3.0;
			};
			name = Release;
		};
/* End XCBuildConfiguration section */

/* Begin XCConfigurationList section */
		2E1F5F9B1EE018DF00293C47 /* Build configuration list for PBXProject "KaKaaKi" */ = {
			isa = XCConfigurationList;
			buildConfigurations = (
				2E1F5FB01EE018DF00293C47 /* Debug */,
				2E1F5FB11EE018DF00293C47 /* Release */,
			);
			defaultConfigurationIsVisible = 0;
			defaultConfigurationName = Release;
		};
		2E1F5FB21EE018DF00293C47 /* Build configuration list for PBXNativeTarget "KaKaaKi" */ = {
			isa = XCConfigurationList;
			buildConfigurations = (
				2E1F5FB31EE018DF00293C47 /* Debug */,
				2E1F5FB41EE018DF00293C47 /* Release */,
			);
			defaultConfigurationIsVisible = 0;
		};
/* End XCConfigurationList section */
	};
	rootObject = 2E1F5F981EE018DF00293C47 /* Project object */;
}
